PackratFormat: 1.4
PackratVersion: 0.9.3
RVersion: 4.5.2
Repos: CRAN=https://cran.rstudio.com/

Package: DBI
Source: CRAN
Version: 1.3.0
Hash: 2074508c57199ba211003ec7320339e1

Package: R6
Source: CRAN
Version: 2.6.1
Hash: af3a76224cf388baeba1da636f942022

Package: RColorBrewer
Source: CRAN
Version: 1.1-3
Hash: c25e77c542c7cfa38c99c348677c62fc

Package: Rcpp
Source: CRAN
Version: 1.1.1
Hash: cb0f9d312ee868a04247d1db158843ba

Package: S7
Source: CRAN
Version: 0.2.1
Hash: 2d0f62d2d806bf3f2416ada7c9e3874b

Package: base64enc
Source: CRAN
Version: 0.1-6
Hash: 19088eb9894acdae5d85d44a38128a29

Package: bsicons
Source: CRAN
Version: 0.1.2
Hash: ecf66d66d95f19255f09d3ff221dad1f
Requires: cli, htmltools, rlang

Package: bslib
Source: CRAN
Version: 0.10.0
Hash: bace4fa8b721b20af81fd735a8ab9dc8
Requires: base64enc, fastmap, htmltools, rlang, cachem, jquerylib,
    jsonlite, lifecycle, memoise, mime, sass

Package: cachem
Source: CRAN
Version: 1.1.0
Hash: e943e4ba0ef214dd6f3ae3c792e48504
Requires: fastmap, rlang

Package: classInt
Source: CRAN
Version: 0.4-11
Hash: ed9981035ef0f0676d2da8b265b9e62a
Requires: e1071

Package: cli
Source: CRAN
Version: 3.6.5
Hash: da56082be922304009e355f945311f4d

Package: commonmark
Source: CRAN
Version: 2.0.0
Hash: 38276289fdca1df9f5cc7d5103f7eea0

Package: cpp11
Source: CRAN
Version: 0.5.3
Hash: 63961329ad9f0e680650295e98990af5

Package: digest
Source: CRAN
Version: 0.6.39
Hash: b1b9b024be3810bb159fe6bc84103a4b

Package: e1071
Source: CRAN
Version: 1.7-17
Hash: 3d494e4ee87560ac1ff2867a08edf506
Requires: proxy

Package: farver
Source: CRAN
Version: 2.1.2
Hash: dd3b5160f8e302a67235bef989e681bc

Package: fastmap
Source: CRAN
Version: 1.2.0
Hash: acb7fd1dc95f992915e642c0d372abf4

Package: fontawesome
Source: CRAN
Version: 0.5.3
Hash: f0264c97eaf0a7bcee39c6ccb4a54c97
Requires: htmltools, rlang

Package: fs
Source: CRAN
Version: 1.6.7
Hash: 7ec0a751a8c3b6425145550ebbb3b900

Package: ggplot2
Source: CRAN
Version: 4.0.3
Hash: 74486b51a2cd3a841b3cdfdafd06f58d
Requires: cli, lifecycle, rlang, S7, gtable, isoband, scales, vctrs,
    withr

Package: glue
Source: CRAN
Version: 1.8.0
Hash: b8a23ab7dec05cbfd9778dbedef53bcd

Package: gtable
Source: CRAN
Version: 0.3.6
Hash: 6b8ed7bae35fe1eba6fd2fa9e7f2e1ae
Requires: cli, lifecycle, rlang, glue

Package: htmltools
Source: CRAN
Version: 0.5.9
Hash: 81af26b91f7895e25dd59be4642578cf
Requires: base64enc, digest, fastmap, rlang

Package: httpuv
Source: CRAN
Version: 1.6.17
Hash: d0c16c1feff32899cd7c60d189ec4a2e
Requires: R6, Rcpp, later, promises

Package: isoband
Source: CRAN
Version: 0.3.0
Hash: 850d876da1b333ca3760263f2d9d18e1
Requires: cli, cpp11, rlang

Package: jquerylib
Source: CRAN
Version: 0.1.4
Hash: 338eb4374296b76bdee1e463c810113d
Requires: htmltools

Package: jsonlite
Source: CRAN
Version: 2.0.0
Hash: 3667c0aaecb280a06c3fd065d7bfd533

Package: labeling
Source: CRAN
Version: 0.4.3
Hash: b325ae120b98d5afec38437dab4bb3c0

Package: later
Source: CRAN
Version: 1.4.8
Hash: 3f31850157fa0897831a05dd30603771
Requires: Rcpp, rlang

Package: lifecycle
Source: CRAN
Version: 1.0.5
Hash: b08b6ec2f159a398c30dc68355af797a
Requires: cli, rlang

Package: magrittr
Source: CRAN
Version: 2.0.4
Hash: b3da2ff2bbe78a2e2a6ea182385fdb46

Package: memoise
Source: CRAN
Version: 2.0.1
Hash: fa0687ee20196d8aa4e2d724cb0f7199
Requires: cachem, rlang

Package: mime
Source: CRAN
Version: 0.13
Hash: 4bcdb047b5062361a90ac2a3a2d38411

Package: otel
Source: CRAN
Version: 0.2.0
Hash: 44e4fc3496f83ce3668aa92c5b43106d

Package: packrat
Source: CRAN
Version: 0.9.3
Hash: c08a92f056c9c9a5c250fde58d989ba1

Package: pillar
Source: CRAN
Version: 1.11.1
Hash: 0828f0260d330bb529480f07515632b4
Requires: cli, glue, lifecycle, rlang, vctrs, utf8

Package: pkgconfig
Source: CRAN
Version: 2.0.3
Hash: 5ff5f2361851a49534c96caa2a8071c7

Package: promises
Source: CRAN
Version: 1.5.0
Hash: aea3db3b6e6d6d14a669484413fb60b8
Requires: R6, fastmap, later, lifecycle, rlang, magrittr, otel

Package: proxy
Source: CRAN
Version: 0.4-29
Hash: 84019a816ad47c976da94b2c056229ec

Package: rappdirs
Source: CRAN
Version: 0.3.4
Hash: b72fb24bc85f0426d0cae380786b5322

Package: renv
Source: CRAN
Version: 1.2.2
Hash: 2be05a8b8ebc1f6675dbed509b9b7f95

Package: rlang
Source: CRAN
Version: 1.1.7
Hash: 7f8f1805409afed74422249105f0f8b6

Package: s2
Source: CRAN
Version: 1.1.9
Hash: e4c96b356763c408a721d5f70041c438
Requires: Rcpp, wk

Package: sass
Source: CRAN
Version: 0.4.10
Hash: 33a0a30b11ad3e7677037bfbb471ad53
Requires: htmltools, rlang, R6, fs, rappdirs

Package: scales
Source: CRAN
Version: 1.4.0
Hash: 63826de2db672c0e0442ad62633ed1c4
Requires: R6, cli, farver, glue, lifecycle, rlang, RColorBrewer,
    labeling, viridisLite

Package: sf
Source: CRAN
Version: 1.1-1
Hash: ada626f3830c1bed8faa5733408e2339
Requires: DBI, Rcpp, classInt, s2, units

Package: shiny
Source: CRAN
Version: 1.13.0
Hash: 3354dc4a242f8b1bc0ac1f5c0537cbed
Requires: R6, bslib, cachem, cli, commonmark, fastmap, fontawesome,
    glue, htmltools, httpuv, jsonlite, later, lifecycle, mime, otel,
    promises, rlang, withr, sourcetools, xtable

Package: sourcetools
Source: CRAN
Version: 0.1.7-1
Hash: a5577b3b55aeb055fce58b3a5a378223

Package: tibble
Source: CRAN
Version: 3.3.1
Hash: 80b25a3df823a38d0e65faa94d5dabb2
Requires: cli, lifecycle, magrittr, pillar, pkgconfig, rlang, vctrs

Package: units
Source: CRAN
Version: 1.0-1
Hash: ee9103d325814de86874191b36b29300
Requires: Rcpp

Package: utf8
Source: CRAN
Version: 1.2.6
Hash: 33fc3a0730726ca2ef6bae8580714ec5

Package: vctrs
Source: CRAN
Version: 0.7.1
Hash: 74bc340696545ab9a6c62f9d1bf36845
Requires: cli, glue, lifecycle, rlang

Package: viridisLite
Source: CRAN
Version: 0.4.3
Hash: 3823ca9d3a16d89c61ee093433d74567

Package: withr
Source: CRAN
Version: 3.0.2
Hash: 14182d6ff06c8e00a03b9c2fd2579b06

Package: wk
Source: CRAN
Version: 0.9.5
Hash: 101b98a505c209bf78f8179cdc69adeb

Package: xtable
Source: CRAN
Version: 1.8-8
Hash: d60e5bb61465f110e6dfa70d2a0d50ad
